
Microsoft Visual Studio Solution File, Format Version 12.00
# Visual Studio 15
VisualStudioVersion = 15.0.27130.2027
MinimumVisualStudioVersion = 10.0.40219.1
Project("{9A19103F-16F7-4668-BE54-9A1E7A4F7556}") = "HtmlDocParser", "HtmlDocParser\HtmlDocParser.csproj", "{C3498E24-EE06-4D37-95A0-8E88D4F14C4F}"
EndProject
Project("{FAE04EC0-301F-11D3-BF4B-00C04F79EFBC}") = "HtmlDocParser.Sample", "HtmlDocParser.Sample\HtmlDocParser.Sample.csproj", "{C8AE3F8D-E09A-4CA3-9A65-9E0B2F0D40AD}"
EndProject
Global
	GlobalSection(SolutionConfigurationPlatforms) = preSolution
		Debug|Any CPU = Debug|Any CPU
		Release|Any CPU = Release|Any CPU
	EndGlobalSection
	GlobalSection(ProjectConfigurationPlatforms) = postSolution
		{C3498E24-EE06-4D37-95A0-8E88D4F14C4F}.Debug|Any CPU.ActiveCfg = Debug|Any CPU
		{C3498E24-EE06-4D37-95A0-8E88D4F14C4F}.Debug|Any CPU.Build.0 = Debug|Any CPU
		{C3498E24-EE06-4D37-95A0-8E88D4F14C4F}.Release|Any CPU.ActiveCfg = Release|Any CPU
		{C3498E24-EE06-4D37-95A0-8E88D4F14C4F}.Release|Any CPU.Build.0 = Release|Any CPU
		{C8AE3F8D-E09A-4CA3-9A65-9E0B2F0D40AD}.Debug|Any CPU.ActiveCfg = Debug|Any CPU
		{C8AE3F8D-E09A-4CA3-9A65-9E0B2F0D40AD}.Debug|Any CPU.Build.0 = Debug|Any CPU
		{C8AE3F8D-E09A-4CA3-9A65-9E0B2F0D40AD}.Release|Any CPU.ActiveCfg = Release|Any CPU
		{C8AE3F8D-E09A-4CA3-9A65-9E0B2F0D40AD}.Release|Any CPU.Build.0 = Release|Any CPU
	EndGlobalSection
	GlobalSection(SolutionProperties) = preSolution
		HideSolutionNode = FALSE
	EndGlobalSection
	GlobalSection(ExtensibilityGlobals) = postSolution
		SolutionGuid = {B7C781A6-EB67-412F-9E86-E7413FE5D29C}
	EndGlobalSection
EndGlobal
